
Microsoft Visual Studio Solution File, Format Version 12.00
# Visual Studio Version 17
VisualStudioVersion = 17.14.37411.7 d17.14
MinimumVisualStudioVersion = 10.0.40219.1
Project("{FAE04EC0-301F-11D3-BF4B-00C04F79EFBC}") = "Bist100Scanner", "Bist100Scanner.csproj", "{6B1CF286-5A68-B923-9276-10425FBA8B41}"
EndProject
Global
	GlobalSection(SolutionConfigurationPlatforms) = preSolution
		Debug|Any CPU = Debug|Any CPU
		Release|Any CPU = Release|Any CPU
	EndGlobalSection
	GlobalSection(ProjectConfigurationPlatforms) = postSolution
		{6B1CF286-5A68-B923-9276-10425FBA8B41}.Debug|Any CPU.ActiveCfg = Debug|Any CPU
		{6B1CF286-5A68-B923-9276-10425FBA8B41}.Debug|Any CPU.Build.0 = Debug|Any CPU
		{6B1CF286-5A68-B923-9276-10425FBA8B41}.Release|Any CPU.ActiveCfg = Release|Any CPU
		{6B1CF286-5A68-B923-9276-10425FBA8B41}.Release|Any CPU.Build.0 = Release|Any CPU
	EndGlobalSection
	GlobalSection(SolutionProperties) = preSolution
		HideSolutionNode = FALSE
	EndGlobalSection
	GlobalSection(ExtensibilityGlobals) = postSolution
		SolutionGuid = {9FAB51BE-2162-4A51-B451-1A3F4AE02767}
	EndGlobalSection
EndGlobal
